
Microsoft Visual Studio Solution File, Format Version 12.00
Project("{FAE04EC0-301F-11D3-BF4B-00C04F79EFBC}") = "BankApp", "BankApp\BankApp.csproj", "{0A115701-E073-4A0D-8A40-A42B7483FD81}"
EndProject
Project("{2150E333-8FDC-42A3-9474-1A3956D46DE8}") = "Logic", "Logic", "{17886A43-62F7-472B-A593-1F8CE5644271}"
EndProject
Project("{FAE04EC0-301F-11D3-BF4B-00C04F79EFBC}") = "Auth", "Logic\Auth\Auth.csproj", "{43089ED3-B833-4202-A974-22DDA25E6C4A}"
EndProject
Global
	GlobalSection(SolutionConfigurationPlatforms) = preSolution
		Debug|Any CPU = Debug|Any CPU
		Release|Any CPU = Release|Any CPU
	EndGlobalSection
	GlobalSection(ProjectConfigurationPlatforms) = postSolution
		{0A115701-E073-4A0D-8A40-A42B7483FD81}.Debug|Any CPU.ActiveCfg = Debug|Any CPU
		{0A115701-E073-4A0D-8A40-A42B7483FD81}.Debug|Any CPU.Build.0 = Debug|Any CPU
		{0A115701-E073-4A0D-8A40-A42B7483FD81}.Release|Any CPU.ActiveCfg = Release|Any CPU
		{0A115701-E073-4A0D-8A40-A42B7483FD81}.Release|Any CPU.Build.0 = Release|Any CPU
		{43089ED3-B833-4202-A974-22DDA25E6C4A}.Debug|Any CPU.ActiveCfg = Debug|Any CPU
		{43089ED3-B833-4202-A974-22DDA25E6C4A}.Debug|Any CPU.Build.0 = Debug|Any CPU
		{43089ED3-B833-4202-A974-22DDA25E6C4A}.Release|Any CPU.ActiveCfg = Release|Any CPU
		{43089ED3-B833-4202-A974-22DDA25E6C4A}.Release|Any CPU.Build.0 = Release|Any CPU
	EndGlobalSection
	GlobalSection(NestedProjects) = preSolution
		{43089ED3-B833-4202-A974-22DDA25E6C4A} = {17886A43-62F7-472B-A593-1F8CE5644271}
	EndGlobalSection
EndGlobal
